
Microsoft Visual Studio Solution File, Format Version 12.00
# Visual Studio 14
VisualStudioVersion = 14.0.25420.1
MinimumVisualStudioVersion = 10.0.40219.1
Project("{DA7A21FA-8162-4350-AD77-A8D1B671F3ED}") = "R-Language", "R-Language.rxproj", "{86E10E4E-F4DE-482B-B30A-F4989D210591}"
EndProject
Global
	GlobalSection(SolutionConfigurationPlatforms) = preSolution
		Debug|Any CPU = Debug|Any CPU
		Release|Any CPU = Release|Any CPU
	EndGlobalSection
	GlobalSection(ProjectConfigurationPlatforms) = postSolution
		{86E10E4E-F4DE-482B-B30A-F4989D210591}.Debug|Any CPU.ActiveCfg = Debug|Any CPU
		{86E10E4E-F4DE-482B-B30A-F4989D210591}.Debug|Any CPU.Build.0 = Debug|Any CPU
		{86E10E4E-F4DE-482B-B30A-F4989D210591}.Release|Any CPU.ActiveCfg = Release|Any CPU
		{86E10E4E-F4DE-482B-B30A-F4989D210591}.Release|Any CPU.Build.0 = Release|Any CPU
	EndGlobalSection
	GlobalSection(SolutionProperties) = preSolution
		HideSolutionNode = FALSE
	EndGlobalSection
EndGlobal
